
Microsoft Visual Studio Solution File, Format Version 12.00
# Visual Studio Version 16
VisualStudioVersion = 16.0.34601.136
MinimumVisualStudioVersion = 10.0.40219.1
Project("{888888A0-9F3D-457C-B088-3A5042F75D52}") = "Телефонный справочник", "Телефонный справочник.pyproj", "{33A81BC1-0BC9-49DD-B7E4-9089DCC8AECA}"
EndProject
Global
	GlobalSection(SolutionConfigurationPlatforms) = preSolution
		Debug|Any CPU = Debug|Any CPU
		Release|Any CPU = Release|Any CPU
	EndGlobalSection
	GlobalSection(ProjectConfigurationPlatforms) = postSolution
		{33A81BC1-0BC9-49DD-B7E4-9089DCC8AECA}.Debug|Any CPU.ActiveCfg = Debug|Any CPU
		{33A81BC1-0BC9-49DD-B7E4-9089DCC8AECA}.Release|Any CPU.ActiveCfg = Release|Any CPU
	EndGlobalSection
	GlobalSection(SolutionProperties) = preSolution
		HideSolutionNode = FALSE
	EndGlobalSection
	GlobalSection(ExtensibilityGlobals) = postSolution
		SolutionGuid = {8B843A2C-2F49-474F-A38C-E0A2A612902E}
	EndGlobalSection
EndGlobal
